
Microsoft Visual Studio Solution File, Format Version 12.00
# Visual Studio Version 17
VisualStudioVersion = 17.0.31903.59
MinimumVisualStudioVersion = 10.0.40219.1
Project("{2150E333-8FDC-42A3-9474-1A3956D46DE8}") = "src", "src", "{827E0CD3-B72D-47B6-A68D-7590B98EB39B}"
EndProject
Project("{FAE04EC0-301F-11D3-BF4B-00C04F79EFBC}") = "ToggleCraft.Api", "src\ToggleCraft.Api\ToggleCraft.Api.csproj", "{ABBBA97C-3992-41C6-9D3D-A86A9DBACB59}"
EndProject
Project("{FAE04EC0-301F-11D3-BF4B-00C04F79EFBC}") = "ToggleCraft.Domain", "src\ToggleCraft.Domain\ToggleCraft.Domain.csproj", "{6BF1038E-F6D8-488A-BEEC-A5525DC695FB}"
EndProject
Project("{FAE04EC0-301F-11D3-BF4B-00C04F79EFBC}") = "ToggleCraft.Application", "src\ToggleCraft.Application\ToggleCraft.Application.csproj", "{E0235614-8E81-4630-AEA8-4D16AC75646B}"
EndProject
Project("{FAE04EC0-301F-11D3-BF4B-00C04F79EFBC}") = "ToggleCraft.Infrastructure", "src\ToggleCraft.Infrastructure\ToggleCraft.Infrastructure.csproj", "{B9B6BF26-E06C-4A1F-BE69-E8286812CC42}"
EndProject
Project("{FAE04EC0-301F-11D3-BF4B-00C04F79EFBC}") = "ToggleCraft.Worker", "src\ToggleCraft.Worker\ToggleCraft.Worker.csproj", "{21A8E9F8-4555-4C33-A7A3-D5FCA13BED78}"
EndProject
Project("{FAE04EC0-301F-11D3-BF4B-00C04F79EFBC}") = "ToggleCraft.Sdk", "src\ToggleCraft.Sdk\ToggleCraft.Sdk.csproj", "{01BE085C-A2C9-4B2C-81BD-F16DE33215D7}"
EndProject
Project("{2150E333-8FDC-42A3-9474-1A3956D46DE8}") = "tests", "tests", "{0AB3BF05-4346-4AA6-1389-037BE0695223}"
EndProject
Project("{FAE04EC0-301F-11D3-BF4B-00C04F79EFBC}") = "ToggleCraft.Tests", "tests\ToggleCraft.Tests\ToggleCraft.Tests.csproj", "{9374AE32-25C3-4227-B88A-814F2769FF3A}"
EndProject
Project("{FAE04EC0-301F-11D3-BF4B-00C04F79EFBC}") = "ToggleCraft.Api.Tests", "tests\ToggleCraft.Api.Tests\ToggleCraft.Api.Tests.csproj", "{D13A5384-F6E5-409A-ADBF-482F78E5735F}"
EndProject
Project("{FAE04EC0-301F-11D3-BF4B-00C04F79EFBC}") = "ToggleCraft.E2E.Tests", "tests\ToggleCraft.E2E.Tests\ToggleCraft.E2E.Tests.csproj", "{4C3257DA-3D5E-4DF0-B7CD-0A155407AF60}"
EndProject
Global
	GlobalSection(SolutionConfigurationPlatforms) = preSolution
		Debug|Any CPU = Debug|Any CPU
		Debug|x64 = Debug|x64
		Debug|x86 = Debug|x86
		Release|Any CPU = Release|Any CPU
		Release|x64 = Release|x64
		Release|x86 = Release|x86
	EndGlobalSection
	GlobalSection(ProjectConfigurationPlatforms) = postSolution
		{ABBBA97C-3992-41C6-9D3D-A86A9DBACB59}.Debug|Any CPU.ActiveCfg = Debug|Any CPU
		{ABBBA97C-3992-41C6-9D3D-A86A9DBACB59}.Debug|Any CPU.Build.0 = Debug|Any CPU
		{ABBBA97C-3992-41C6-9D3D-A86A9DBACB59}.Debug|x64.ActiveCfg = Debug|Any CPU
		{ABBBA97C-3992-41C6-9D3D-A86A9DBACB59}.Debug|x64.Build.0 = Debug|Any CPU
		{ABBBA97C-3992-41C6-9D3D-A86A9DBACB59}.Debug|x86.ActiveCfg = Debug|Any CPU
		{ABBBA97C-3992-41C6-9D3D-A86A9DBACB59}.Debug|x86.Build.0 = Debug|Any CPU
		{ABBBA97C-3992-41C6-9D3D-A86A9DBACB59}.Release|Any CPU.ActiveCfg = Release|Any CPU
		{ABBBA97C-3992-41C6-9D3D-A86A9DBACB59}.Release|Any CPU.Build.0 = Release|Any CPU
		{ABBBA97C-3992-41C6-9D3D-A86A9DBACB59}.Release|x64.ActiveCfg = Release|Any CPU
		{ABBBA97C-3992-41C6-9D3D-A86A9DBACB59}.Release|x64.Build.0 = Release|Any CPU
		{ABBBA97C-3992-41C6-9D3D-A86A9DBACB59}.Release|x86.ActiveCfg = Release|Any CPU
		{ABBBA97C-3992-41C6-9D3D-A86A9DBACB59}.Release|x86.Build.0 = Release|Any CPU
		{6BF1038E-F6D8-488A-BEEC-A5525DC695FB}.Debug|Any CPU.ActiveCfg = Debug|Any CPU
		{6BF1038E-F6D8-488A-BEEC-A5525DC695FB}.Debug|Any CPU.Build.0 = Debug|Any CPU
		{6BF1038E-F6D8-488A-BEEC-A5525DC695FB}.Debug|x64.ActiveCfg = Debug|Any CPU
		{6BF1038E-F6D8-488A-BEEC-A5525DC695FB}.Debug|x64.Build.0 = Debug|Any CPU
		{6BF1038E-F6D8-488A-BEEC-A5525DC695FB}.Debug|x86.ActiveCfg = Debug|Any CPU
		{6BF1038E-F6D8-488A-BEEC-A5525DC695FB}.Debug|x86.Build.0 = Debug|Any CPU
		{6BF1038E-F6D8-488A-BEEC-A5525DC695FB}.Release|Any CPU.ActiveCfg = Release|Any CPU
		{6BF1038E-F6D8-488A-BEEC-A5525DC695FB}.Release|Any CPU.Build.0 = Release|Any CPU
		{6BF1038E-F6D8-488A-BEEC-A5525DC695FB}.Release|x64.ActiveCfg = Release|Any CPU
		{6BF1038E-F6D8-488A-BEEC-A5525DC695FB}.Release|x64.Build.0 = Release|Any CPU
		{6BF1038E-F6D8-488A-BEEC-A5525DC695FB}.Release|x86.ActiveCfg = Release|Any CPU
		{6BF1038E-F6D8-488A-BEEC-A5525DC695FB}.Release|x86.Build.0 = Release|Any CPU
		{E0235614-8E81-4630-AEA8-4D16AC75646B}.Debug|Any CPU.ActiveCfg = Debug|Any CPU
		{E0235614-8E81-4630-AEA8-4D16AC75646B}.Debug|Any CPU.Build.0 = Debug|Any CPU
		{E0235614-8E81-4630-AEA8-4D16AC75646B}.Debug|x64.ActiveCfg = Debug|Any CPU
		{E0235614-8E81-4630-AEA8-4D16AC75646B}.Debug|x64.Build.0 = Debug|Any CPU
		{E0235614-8E81-4630-AEA8-4D16AC75646B}.Debug|x86.ActiveCfg = Debug|Any CPU
		{E0235614-8E81-4630-AEA8-4D16AC75646B}.Debug|x86.Build.0 = Debug|Any CPU
		{E0235614-8E81-4630-AEA8-4D16AC75646B}.Release|Any CPU.ActiveCfg = Release|Any CPU
		{E0235614-8E81-4630-AEA8-4D16AC75646B}.Release|Any CPU.Build.0 = Release|Any CPU
		{E0235614-8E81-4630-AEA8-4D16AC75646B}.Release|x64.ActiveCfg = Release|Any CPU
		{E0235614-8E81-4630-AEA8-4D16AC75646B}.Release|x64.Build.0 = Release|Any CPU
		{E0235614-8E81-4630-AEA8-4D16AC75646B}.Release|x86.ActiveCfg = Release|Any CPU
		{E0235614-8E81-4630-AEA8-4D16AC75646B}.Release|x86.Build.0 = Release|Any CPU
		{B9B6BF26-E06C-4A1F-BE69-E8286812CC42}.Debug|Any CPU.ActiveCfg = Debug|Any CPU
		{B9B6BF26-E06C-4A1F-BE69-E8286812CC42}.Debug|Any CPU.Build.0 = Debug|Any CPU
		{B9B6BF26-E06C-4A1F-BE69-E8286812CC42}.Debug|x64.ActiveCfg = Debug|Any CPU
		{B9B6BF26-E06C-4A1F-BE69-E8286812CC42}.Debug|x64.Build.0 = Debug|Any CPU
		{B9B6BF26-E06C-4A1F-BE69-E8286812CC42}.Debug|x86.ActiveCfg = Debug|Any CPU
		{B9B6BF26-E06C-4A1F-BE69-E8286812CC42}.Debug|x86.Build.0 = Debug|Any CPU
		{B9B6BF26-E06C-4A1F-BE69-E8286812CC42}.Release|Any CPU.ActiveCfg = Release|Any CPU
		{B9B6BF26-E06C-4A1F-BE69-E8286812CC42}.Release|Any CPU.Build.0 = Release|Any CPU
		{B9B6BF26-E06C-4A1F-BE69-E8286812CC42}.Release|x64.ActiveCfg = Release|Any CPU
		{B9B6BF26-E06C-4A1F-BE69-E8286812CC42}.Release|x64.Build.0 = Release|Any CPU
		{B9B6BF26-E06C-4A1F-BE69-E8286812CC42}.Release|x86.ActiveCfg = Release|Any CPU
		{B9B6BF26-E06C-4A1F-BE69-E8286812CC42}.Release|x86.Build.0 = Release|Any CPU
		{21A8E9F8-4555-4C33-A7A3-D5FCA13BED78}.Debug|Any CPU.ActiveCfg = Debug|Any CPU
		{21A8E9F8-4555-4C33-A7A3-D5FCA13BED78}.Debug|Any CPU.Build.0 = Debug|Any CPU
		{21A8E9F8-4555-4C33-A7A3-D5FCA13BED78}.Debug|x64.ActiveCfg = Debug|Any CPU
		{21A8E9F8-4555-4C33-A7A3-D5FCA13BED78}.Debug|x64.Build.0 = Debug|Any CPU
		{21A8E9F8-4555-4C33-A7A3-D5FCA13BED78}.Debug|x86.ActiveCfg = Debug|Any CPU
		{21A8E9F8-4555-4C33-A7A3-D5FCA13BED78}.Debug|x86.Build.0 = Debug|Any CPU
		{21A8E9F8-4555-4C33-A7A3-D5FCA13BED78}.Release|Any CPU.ActiveCfg = Release|Any CPU
		{21A8E9F8-4555-4C33-A7A3-D5FCA13BED78}.Release|Any CPU.Build.0 = Release|Any CPU
		{21A8E9F8-4555-4C33-A7A3-D5FCA13BED78}.Release|x64.ActiveCfg = Release|Any CPU
		{21A8E9F8-4555-4C33-A7A3-D5FCA13BED78}.Release|x64.Build.0 = Release|Any CPU
		{21A8E9F8-4555-4C33-A7A3-D5FCA13BED78}.Release|x86.ActiveCfg = Release|Any CPU
		{21A8E9F8-4555-4C33-A7A3-D5FCA13BED78}.Release|x86.Build.0 = Release|Any CPU
		{01BE085C-A2C9-4B2C-81BD-F16DE33215D7}.Debug|Any CPU.ActiveCfg = Debug|Any CPU
		{01BE085C-A2C9-4B2C-81BD-F16DE33215D7}.Debug|Any CPU.Build.0 = Debug|Any CPU
		{01BE085C-A2C9-4B2C-81BD-F16DE33215D7}.Debug|x64.ActiveCfg = Debug|Any CPU
		{01BE085C-A2C9-4B2C-81BD-F16DE33215D7}.Debug|x64.Build.0 = Debug|Any CPU
		{01BE085C-A2C9-4B2C-81BD-F16DE33215D7}.Debug|x86.ActiveCfg = Debug|Any CPU
		{01BE085C-A2C9-4B2C-81BD-F16DE33215D7}.Debug|x86.Build.0 = Debug|Any CPU
		{01BE085C-A2C9-4B2C-81BD-F16DE33215D7}.Release|Any CPU.ActiveCfg = Release|Any CPU
		{01BE085C-A2C9-4B2C-81BD-F16DE33215D7}.Release|Any CPU.Build.0 = Release|Any CPU
		{01BE085C-A2C9-4B2C-81BD-F16DE33215D7}.Release|x64.ActiveCfg = Release|Any CPU
		{01BE085C-A2C9-4B2C-81BD-F16DE33215D7}.Release|x64.Build.0 = Release|Any CPU
		{01BE085C-A2C9-4B2C-81BD-F16DE33215D7}.Release|x86.ActiveCfg = Release|Any CPU
		{01BE085C-A2C9-4B2C-81BD-F16DE33215D7}.Release|x86.Build.0 = Release|Any CPU
		{9374AE32-25C3-4227-B88A-814F2769FF3A}.Debug|Any CPU.ActiveCfg = Debug|Any CPU
		{9374AE32-25C3-4227-B88A-814F2769FF3A}.Debug|Any CPU.Build.0 = Debug|Any CPU
		{9374AE32-25C3-4227-B88A-814F2769FF3A}.Debug|x64.ActiveCfg = Debug|Any CPU
		{9374AE32-25C3-4227-B88A-814F2769FF3A}.Debug|x64.Build.0 = Debug|Any CPU
		{9374AE32-25C3-4227-B88A-814F2769FF3A}.Debug|x86.ActiveCfg = Debug|Any CPU
		{9374AE32-25C3-4227-B88A-814F2769FF3A}.Debug|x86.Build.0 = Debug|Any CPU
		{9374AE32-25C3-4227-B88A-814F2769FF3A}.Release|Any CPU.ActiveCfg = Release|Any CPU
		{9374AE32-25C3-4227-B88A-814F2769FF3A}.Release|Any CPU.Build.0 = Release|Any CPU
		{9374AE32-25C3-4227-B88A-814F2769FF3A}.Release|x64.ActiveCfg = Release|Any CPU
		{9374AE32-25C3-4227-B88A-814F2769FF3A}.Release|x64.Build.0 = Release|Any CPU
		{9374AE32-25C3-4227-B88A-814F2769FF3A}.Release|x86.ActiveCfg = Release|Any CPU
		{9374AE32-25C3-4227-B88A-814F2769FF3A}.Release|x86.Build.0 = Release|Any CPU
		{D13A5384-F6E5-409A-ADBF-482F78E5735F}.Debug|Any CPU.ActiveCfg = Debug|Any CPU
		{D13A5384-F6E5-409A-ADBF-482F78E5735F}.Debug|Any CPU.Build.0 = Debug|Any CPU
		{D13A5384-F6E5-409A-ADBF-482F78E5735F}.Debug|x64.ActiveCfg = Debug|Any CPU
		{D13A5384-F6E5-409A-ADBF-482F78E5735F}.Debug|x64.Build.0 = Debug|Any CPU
		{D13A5384-F6E5-409A-ADBF-482F78E5735F}.Debug|x86.ActiveCfg = Debug|Any CPU
		{D13A5384-F6E5-409A-ADBF-482F78E5735F}.Debug|x86.Build.0 = Debug|Any CPU
		{D13A5384-F6E5-409A-ADBF-482F78E5735F}.Release|Any CPU.ActiveCfg = Release|Any CPU
		{D13A5384-F6E5-409A-ADBF-482F78E5735F}.Release|Any CPU.Build.0 = Release|Any CPU
		{D13A5384-F6E5-409A-ADBF-482F78E5735F}.Release|x64.ActiveCfg = Release|Any CPU
		{D13A5384-F6E5-409A-ADBF-482F78E5735F}.Release|x64.Build.0 = Release|Any CPU
		{D13A5384-F6E5-409A-ADBF-482F78E5735F}.Release|x86.ActiveCfg = Release|Any CPU
		{D13A5384-F6E5-409A-ADBF-482F78E5735F}.Release|x86.Build.0 = Release|Any CPU
		{4C3257DA-3D5E-4DF0-B7CD-0A155407AF60}.Debug|Any CPU.ActiveCfg = Debug|Any CPU
		{4C3257DA-3D5E-4DF0-B7CD-0A155407AF60}.Debug|Any CPU.Build.0 = Debug|Any CPU
		{4C3257DA-3D5E-4DF0-B7CD-0A155407AF60}.Debug|x64.ActiveCfg = Debug|Any CPU
		{4C3257DA-3D5E-4DF0-B7CD-0A155407AF60}.Debug|x64.Build.0 = Debug|Any CPU
		{4C3257DA-3D5E-4DF0-B7CD-0A155407AF60}.Debug|x86.ActiveCfg = Debug|Any CPU
		{4C3257DA-3D5E-4DF0-B7CD-0A155407AF60}.Debug|x86.Build.0 = Debug|Any CPU
		{4C3257DA-3D5E-4DF0-B7CD-0A155407AF60}.Release|Any CPU.ActiveCfg = Release|Any CPU
		{4C3257DA-3D5E-4DF0-B7CD-0A155407AF60}.Release|Any CPU.Build.0 = Release|Any CPU
		{4C3257DA-3D5E-4DF0-B7CD-0A155407AF60}.Release|x64.ActiveCfg = Release|Any CPU
		{4C3257DA-3D5E-4DF0-B7CD-0A155407AF60}.Release|x64.Build.0 = Release|Any CPU
		{4C3257DA-3D5E-4DF0-B7CD-0A155407AF60}.Release|x86.ActiveCfg = Release|Any CPU
		{4C3257DA-3D5E-4DF0-B7CD-0A155407AF60}.Release|x86.Build.0 = Release|Any CPU
	EndGlobalSection
	GlobalSection(SolutionProperties) = preSolution
		HideSolutionNode = FALSE
	EndGlobalSection
	GlobalSection(NestedProjects) = preSolution
		{ABBBA97C-3992-41C6-9D3D-A86A9DBACB59} = {827E0CD3-B72D-47B6-A68D-7590B98EB39B}
		{6BF1038E-F6D8-488A-BEEC-A5525DC695FB} = {827E0CD3-B72D-47B6-A68D-7590B98EB39B}
		{E0235614-8E81-4630-AEA8-4D16AC75646B} = {827E0CD3-B72D-47B6-A68D-7590B98EB39B}
		{B9B6BF26-E06C-4A1F-BE69-E8286812CC42} = {827E0CD3-B72D-47B6-A68D-7590B98EB39B}
		{21A8E9F8-4555-4C33-A7A3-D5FCA13BED78} = {827E0CD3-B72D-47B6-A68D-7590B98EB39B}
		{01BE085C-A2C9-4B2C-81BD-F16DE33215D7} = {827E0CD3-B72D-47B6-A68D-7590B98EB39B}
		{9374AE32-25C3-4227-B88A-814F2769FF3A} = {0AB3BF05-4346-4AA6-1389-037BE0695223}
		{D13A5384-F6E5-409A-ADBF-482F78E5735F} = {0AB3BF05-4346-4AA6-1389-037BE0695223}
		{4C3257DA-3D5E-4DF0-B7CD-0A155407AF60} = {0AB3BF05-4346-4AA6-1389-037BE0695223}
	EndGlobalSection
EndGlobal
